
Microsoft Visual Studio Solution File, Format Version 12.00
# Visual Studio Version 16
VisualStudioVersion = 16.0.31410.357
MinimumVisualStudioVersion = 10.0.40219.1
Project("{FAE04EC0-301F-11D3-BF4B-00C04F79EFBC}") = "Design_web", "Design_web\Design_web.csproj", "{9450A845-68C5-4737-B7EC-AA9982B4D5C7}"
EndProject
Global
	GlobalSection(SolutionConfigurationPlatforms) = preSolution
		Debug|Any CPU = Debug|Any CPU
		Release|Any CPU = Release|Any CPU
	EndGlobalSection
	GlobalSection(ProjectConfigurationPlatforms) = postSolution
		{9450A845-68C5-4737-B7EC-AA9982B4D5C7}.Debug|Any CPU.ActiveCfg = Debug|Any CPU
		{9450A845-68C5-4737-B7EC-AA9982B4D5C7}.Debug|Any CPU.Build.0 = Debug|Any CPU
		{9450A845-68C5-4737-B7EC-AA9982B4D5C7}.Release|Any CPU.ActiveCfg = Release|Any CPU
		{9450A845-68C5-4737-B7EC-AA9982B4D5C7}.Release|Any CPU.Build.0 = Release|Any CPU
	EndGlobalSection
	GlobalSection(SolutionProperties) = preSolution
		HideSolutionNode = FALSE
	EndGlobalSection
	GlobalSection(ExtensibilityGlobals) = postSolution
		SolutionGuid = {2796EA54-F42F-45DC-A260-8E4F263637F1}
	EndGlobalSection
EndGlobal
